{
    "_meta": {
        "hash": {
            "sha256": "4f0e9a772f04b621ff0313b7ecfa468af1526aa27df8bfcacac6955d499d352d"
        },
        "pipfile-spec": 6,
        "requires": {
            "python_version": "3.10"
        },
        "sources": [
            {
                "name": "pypi",
                "url": "https://pypi.org/simple",
                "verify_ssl": true
            }
        ]
    },
    "default": {},
    "develop": {}
}
